// !$*UTF8*$!
{
	archiveVersion = 1;
	classes = {
	};
	objectVersion = 48;
	objects = {

/* Begin PBXBuildFile section */
		19B02C12D41DDD33DC268DDC /* libPods-MRNavigationBar.a in Frameworks */ = {isa = PBXBuildFile; fileRef = 02D544326650133F1BB02C33 /* libPods-MRNavigationBar.a */; };
		2E12A4651FEF72D300B9D562 /* SecondViewController.m in Sources */ = {isa = PBXBuildFile; fileRef = 2E12A4641FEF72D300B9D562 /* SecondViewController.m */; };
		2E3BF76E1FEFC46D006B05B5 /* FirstViewController.m in Sources */ = {isa = PBXBuildFile; fileRef = 2E3BF76D1FEFC46D006B05B5 /* FirstViewController.m */; };
		2E3BF7711FEFC6D4006B05B5 /* BaseViewController.m in Sources */ = {isa = PBXBuildFile; fileRef = 2E3BF7701FEFC6D4006B05B5 /* BaseViewController.m */; };
		67F0FF721FED13A800E533EE /* AppDelegate.m in Sources */ = {isa = PBXBuildFile; fileRef = 67F0FF711FED13A800E533EE /* AppDelegate.m */; };
		67F0FF781FED13A800E533EE /* Main.storyboard in Resources */ = {isa = PBXBuildFile; fileRef = 67F0FF761FED13A800E533EE /* Main.storyboard */; };
		67F0FF7A1FED13A800E533EE /* Assets.xcassets in Resources */ = {isa = PBXBuildFile; fileRef = 67F0FF791FED13A800E533EE /* Assets.xcassets */; };
		67F0FF7D1FED13A800E533EE /* LaunchScreen.storyboard in Resources */ = {isa = PBXBuildFile; fileRef = 67F0FF7B1FED13A800E533EE /* LaunchScreen.storyboard */; };
		67F0FF801FED13A800E533EE /* main.m in Sources */ = {isa = PBXBuildFile; fileRef = 67F0FF7F1FED13A800E533EE /* main.m */; };
		67F0FF891FED14A100E533EE /* MRNavigationBar.m in Sources */ = {isa = PBXBuildFile; fileRef = 67F0FF881FED14A100E533EE /* MRNavigationBar.m */; };
		67F0FF8B1FED14BC00E533EE /* MRNavigationBar.xib in Resources */ = {isa = PBXBuildFile; fileRef = 67F0FF8A1FED14BC00E533EE /* MRNavigationBar.xib */; };
		67F0FF9C1FED3ECA00E533EE /* MRNavigationBar.podspec in Resources */ = {isa = PBXBuildFile; fileRef = 67F0FF9B1FED3ECA00E533EE /* MRNavigationBar.podspec */; };
		67F0FF9E1FED4E7500E533EE /* MRNavigationBar.bundle in Resources */ = {isa = PBXBuildFile; fileRef = 67F0FF9D1FED4E7500E533EE /* MRNavigationBar.bundle */; };
/* End PBXBuildFile section */

/* Begin PBXFileReference section */
		02D544326650133F1BB02C33 /* libPods-MRNavigationBar.a */ = {isa = PBXFileReference; explicitFileType = archive.ar; includeInIndex = 0; path = "libPods-MRNavigationBar.a"; sourceTree = BUILT_PRODUCTS_DIR; };
		2E12A4631FEF72D300B9D562 /* SecondViewController.h */ = {isa = PBXFileReference; lastKnownFileType = sourcecode.c.h; path = SecondViewController.h; sourceTree = "<group>"; };
		2E12A4641FEF72D300B9D562 /* SecondViewController.m */ = {isa = PBXFileReference; lastKnownFileType = sourcecode.c.objc; path = SecondViewController.m; sourceTree = "<group>"; };
		2E3BF76C1FEFC46D006B05B5 /* FirstViewController.h */ = {isa = PBXFileReference; lastKnownFileType = sourcecode.c.h; path = FirstViewController.h; sourceTree = "<group>"; };
		2E3BF76D1FEFC46D006B05B5 /* FirstViewController.m */ = {isa = PBXFileReference; lastKnownFileType = sourcecode.c.objc; path = FirstViewController.m; sourceTree = "<group>"; };
		2E3BF76F1FEFC6D4006B05B5 /* BaseViewController.h */ = {isa = PBXFileReference; lastKnownFileType = sourcecode.c.h; path = BaseViewController.h; sourceTree = "<group>"; };
		2E3BF7701FEFC6D4006B05B5 /* BaseViewController.m */ = {isa = PBXFileReference; lastKnownFileType = sourcecode.c.objc; path = BaseViewController.m; sourceTree = "<group>"; };
		6620877397EE3ABD44394267 /* Pods-MRNavigationBar.release.xcconfig */ = {isa = PBXFileReference; includeInIndex = 1; lastKnownFileType = text.xcconfig; name = "Pods-MRNavigationBar.release.xcconfig"; path = "Pods/Target Support Files/Pods-MRNavigationBar/Pods-MRNavigationBar.release.xcconfig"; sourceTree = "<group>"; };
		67F0FF6D1FED13A800E533EE /* MRNavigationBar.app */ = {isa = PBXFileReference; explicitFileType = wrapper.application; includeInIndex = 0; path = MRNavigationBar.app; sourceTree = BUILT_PRODUCTS_DIR; };
		67F0FF701FED13A800E533EE /* AppDelegate.h */ = {isa = PBXFileReference; lastKnownFileType = sourcecode.c.h; path = AppDelegate.h; sourceTree = "<group>"; };
		67F0FF711FED13A800E533EE /* AppDelegate.m */ = {isa = PBXFileReference; lastKnownFileType = sourcecode.c.objc; path = AppDelegate.m; sourceTree = "<group>"; };
		67F0FF771FED13A800E533EE /* Base */ = {isa = PBXFileReference; lastKnownFileType = file.storyboard; name = Base; path = Base.lproj/Main.storyboard; sourceTree = "<group>"; };
		67F0FF791FED13A800E533EE /* Assets.xcassets */ = {isa = PBXFileReference; lastKnownFileType = folder.assetcatalog; path = Assets.xcassets; sourceTree = "<group>"; };
		67F0FF7C1FED13A800E533EE /* Base */ = {isa = PBXFileReference; lastKnownFileType = file.storyboard; name = Base; path = Base.lproj/LaunchScreen.storyboard; sourceTree = "<group>"; };
		67F0FF7E1FED13A800E533EE /* Info.plist */ = {isa = PBXFileReference; lastKnownFileType = text.plist.xml; path = Info.plist; sourceTree = "<group>"; };
		67F0FF7F1FED13A800E533EE /* main.m */ = {isa = PBXFileReference; lastKnownFileType = sourcecode.c.objc; path = main.m; sourceTree = "<group>"; };
		67F0FF871FED14A100E533EE /* MRNavigationBar.h */ = {isa = PBXFileReference; lastKnownFileType = sourcecode.c.h; path = MRNavigationBar.h; sourceTree = "<group>"; };
		67F0FF881FED14A100E533EE /* MRNavigationBar.m */ = {isa = PBXFileReference; lastKnownFileType = sourcecode.c.objc; path = MRNavigationBar.m; sourceTree = "<group>"; };
		67F0FF8A1FED14BC00E533EE /* MRNavigationBar.xib */ = {isa = PBXFileReference; lastKnownFileType = file.xib; path = MRNavigationBar.xib; sourceTree = "<group>"; };
		67F0FF9B1FED3ECA00E533EE /* MRNavigationBar.podspec */ = {isa = PBXFileReference; fileEncoding = 4; lastKnownFileType = text; path = MRNavigationBar.podspec; sourceTree = "<group>"; };
		67F0FF9D1FED4E7500E533EE /* MRNavigationBar.bundle */ = {isa = PBXFileReference; lastKnownFileType = "wrapper.plug-in"; path = MRNavigationBar.bundle; sourceTree = "<group>"; };
		FB9234DE7B23F2D34F62D81F /* Pods-MRNavigationBar.debug.xcconfig */ = {isa = PBXFileReference; includeInIndex = 1; lastKnownFileType = text.xcconfig; name = "Pods-MRNavigationBar.debug.xcconfig"; path = "Pods/Target Support Files/Pods-MRNavigationBar/Pods-MRNavigationBar.debug.xcconfig"; sourceTree = "<group>"; };
/* End PBXFileReference section */

/* Begin PBXFrameworksBuildPhase section */
		67F0FF6A1FED13A800E533EE /* Frameworks */ = {
			isa = PBXFrameworksBuildPhase;
			buildActionMask = 2147483647;
			files = (
				19B02C12D41DDD33DC268DDC /* libPods-MRNavigationBar.a in Frameworks */,
			);
			runOnlyForDeploymentPostprocessing = 0;
		};
/* End PBXFrameworksBuildPhase section */

/* Begin PBXGroup section */
		67F0FF641FED13A800E533EE = {
			isa = PBXGroup;
			children = (
				67F0FF9B1FED3ECA00E533EE /* MRNavigationBar.podspec */,
				67F0FF861FED147C00E533EE /* Classes */,
				67F0FF6F1FED13A800E533EE /* MRNavigationBar */,
				67F0FF6E1FED13A800E533EE /* Products */,
				9BC7308BE073C88ED314FDF1 /* Pods */,
				736226F2106993222B3DD7F9 /* Frameworks */,
			);
			sourceTree = "<group>";
		};
		67F0FF6E1FED13A800E533EE /* Products */ = {
			isa = PBXGroup;
			children = (
				67F0FF6D1FED13A800E533EE /* MRNavigationBar.app */,
			);
			name = Products;
			sourceTree = "<group>";
		};
		67F0FF6F1FED13A800E533EE /* MRNavigationBar */ = {
			isa = PBXGroup;
			children = (
				67F0FF701FED13A800E533EE /* AppDelegate.h */,
				67F0FF711FED13A800E533EE /* AppDelegate.m */,
				2E3BF76F1FEFC6D4006B05B5 /* BaseViewController.h */,
				2E3BF7701FEFC6D4006B05B5 /* BaseViewController.m */,
				2E3BF76C1FEFC46D006B05B5 /* FirstViewController.h */,
				2E3BF76D1FEFC46D006B05B5 /* FirstViewController.m */,
				2E12A4631FEF72D300B9D562 /* SecondViewController.h */,
				2E12A4641FEF72D300B9D562 /* SecondViewController.m */,
				67F0FF761FED13A800E533EE /* Main.storyboard */,
				67F0FF791FED13A800E533EE /* Assets.xcassets */,
				67F0FF7B1FED13A800E533EE /* LaunchScreen.storyboard */,
				67F0FF7E1FED13A800E533EE /* Info.plist */,
				67F0FF7F1FED13A800E533EE /* main.m */,
			);
			path = MRNavigationBar;
			sourceTree = "<group>";
		};
		67F0FF861FED147C00E533EE /* Classes */ = {
			isa = PBXGroup;
			children = (
				67F0FF871FED14A100E533EE /* MRNavigationBar.h */,
				67F0FF881FED14A100E533EE /* MRNavigationBar.m */,
				67F0FF8A1FED14BC00E533EE /* MRNavigationBar.xib */,
				67F0FF9D1FED4E7500E533EE /* MRNavigationBar.bundle */,
			);
			path = Classes;
			sourceTree = "<group>";
		};
		736226F2106993222B3DD7F9 /* Frameworks */ = {
			isa = PBXGroup;
			children = (
				02D544326650133F1BB02C33 /* libPods-MRNavigationBar.a */,
			);
			name = Frameworks;
			sourceTree = "<group>";
		};
		9BC7308BE073C88ED314FDF1 /* Pods */ = {
			isa = PBXGroup;
			children = (
				FB9234DE7B23F2D34F62D81F /* Pods-MRNavigationBar.debug.xcconfig */,
				6620877397EE3ABD44394267 /* Pods-MRNavigationBar.release.xcconfig */,
			);
			name = Pods;
			sourceTree = "<group>";
		};
/* End PBXGroup section */

/* Begin PBXNativeTarget section */
		67F0FF6C1FED13A800E533EE /* MRNavigationBar */ = {
			isa = PBXNativeTarget;
			buildConfigurationList = 67F0FF831FED13A800E533EE /* Build configuration list for PBXNativeTarget "MRNavigationBar" */;
			buildPhases = (
				CCB791E1CBF780EFC75437A2 /* [CP] Check Pods Manifest.lock */,
				67F0FF691FED13A800E533EE /* Sources */,
				67F0FF6A1FED13A800E533EE /* Frameworks */,
				67F0FF6B1FED13A800E533EE /* Resources */,
				BD36689ACA73FE6DD08C8894 /* [CP] Embed Pods Frameworks */,
				8E894D6318AB38EAA7D73A30 /* [CP] Copy Pods Resources */,
			);
			buildRules = (
			);
			dependencies = (
			);
			name = MRNavigationBar;
			productName = MRNavigationBar;
			productReference = 67F0FF6D1FED13A800E533EE /* MRNavigationBar.app */;
			productType = "com.apple.product-type.application";
		};
/* End PBXNativeTarget section */

/* Begin PBXProject section */
		67F0FF651FED13A800E533EE /* Project object */ = {
			isa = PBXProject;
			attributes = {
				LastUpgradeCheck = 0920;
				ORGANIZATIONNAME = "MRXIR Inc";
				TargetAttributes = {
					67F0FF6C1FED13A800E533EE = {
						CreatedOnToolsVersion = 9.2;
						ProvisioningStyle = Automatic;
					};
				};
			};
			buildConfigurationList = 67F0FF681FED13A800E533EE /* Build configuration list for PBXProject "MRNavigationBar" */;
			compatibilityVersion = "Xcode 8.0";
			developmentRegion = en;
			hasScannedForEncodings = 0;
			knownRegions = (
				en,
				Base,
			);
			mainGroup = 67F0FF641FED13A800E533EE;
			productRefGroup = 67F0FF6E1FED13A800E533EE /* Products */;
			projectDirPath = "";
			projectRoot = "";
			targets = (
				67F0FF6C1FED13A800E533EE /* MRNavigationBar */,
			);
		};
/* End PBXProject section */

/* Begin PBXResourcesBuildPhase section */
		67F0FF6B1FED13A800E533EE /* Resources */ = {
			isa = PBXResourcesBuildPhase;
			buildActionMask = 2147483647;
			files = (
				67F0FF8B1FED14BC00E533EE /* MRNavigationBar.xib in Resources */,
				67F0FF7D1FED13A800E533EE /* LaunchScreen.storyboard in Resources */,
				67F0FF9E1FED4E7500E533EE /* MRNavigationBar.bundle in Resources */,
				67F0FF7A1FED13A800E533EE /* Assets.xcassets in Resources */,
				67F0FF9C1FED3ECA00E533EE /* MRNavigationBar.podspec in Resources */,
				67F0FF781FED13A800E533EE /* Main.storyboard in Resources */,
			);
			runOnlyForDeploymentPostprocessing = 0;
		};
/* End PBXResourcesBuildPhase section */

/* Begin PBXShellScriptBuildPhase section */
		8E894D6318AB38EAA7D73A30 /* [CP] Copy Pods Resources */ = {
			isa = PBXShellScriptBuildPhase;
			buildActionMask = 2147483647;
			files = (
			);
			inputPaths = (
			);
			name = "[CP] Copy Pods Resources";
			outputPaths = (
			);
			runOnlyForDeploymentPostprocessing = 0;
			shellPath = /bin/sh;
			shellScript = "\"${SRCROOT}/Pods/Target Support Files/Pods-MRNavigationBar/Pods-MRNavigationBar-resources.sh\"\n";
			showEnvVarsInLog = 0;
		};
		BD36689ACA73FE6DD08C8894 /* [CP] Embed Pods Frameworks */ = {
			isa = PBXShellScriptBuildPhase;
			buildActionMask = 2147483647;
			files = (
			);
			inputPaths = (
			);
			name = "[CP] Embed Pods Frameworks";
			outputPaths = (
			);
			runOnlyForDeploymentPostprocessing = 0;
			shellPath = /bin/sh;
			shellScript = "\"${SRCROOT}/Pods/Target Support Files/Pods-MRNavigationBar/Pods-MRNavigationBar-frameworks.sh\"\n";
			showEnvVarsInLog = 0;
		};
		CCB791E1CBF780EFC75437A2 /* [CP] Check Pods Manifest.lock */ = {
			isa = PBXShellScriptBuildPhase;
			buildActionMask = 2147483647;
			files = (
			);
			inputPaths = (
				"${PODS_PODFILE_DIR_PATH}/Podfile.lock",
				"${PODS_ROOT}/Manifest.lock",
			);
			name = "[CP] Check Pods Manifest.lock";
			outputPaths = (
				"$(DERIVED_FILE_DIR)/Pods-MRNavigationBar-checkManifestLockResult.txt",
			);
			runOnlyForDeploymentPostprocessing = 0;
			shellPath = /bin/sh;
			shellScript = "diff \"${PODS_PODFILE_DIR_PATH}/Podfile.lock\" \"${PODS_ROOT}/Manifest.lock\" > /dev/null\nif [ $? != 0 ] ; then\n    # print error to STDERR\n    echo \"error: The sandbox is not in sync with the Podfile.lock. Run 'pod install' or update your CocoaPods installation.\" >&2\n    exit 1\nfi\n# This output is used by Xcode 'outputs' to avoid re-running this script phase.\necho \"SUCCESS\" > \"${SCRIPT_OUTPUT_FILE_0}\"\n";
			showEnvVarsInLog = 0;
		};
/* End PBXShellScriptBuildPhase section */

/* Begin PBXSourcesBuildPhase section */
		67F0FF691FED13A800E533EE /* Sources */ = {
			isa = PBXSourcesBuildPhase;
			buildActionMask = 2147483647;
			files = (
				2E12A4651FEF72D300B9D562 /* SecondViewController.m in Sources */,
				2E3BF76E1FEFC46D006B05B5 /* FirstViewController.m in Sources */,
				67F0FF891FED14A100E533EE /* MRNavigationBar.m in Sources */,
				67F0FF801FED13A800E533EE /* main.m in Sources */,
				2E3BF7711FEFC6D4006B05B5 /* BaseViewController.m in Sources */,
				67F0FF721FED13A800E533EE /* AppDelegate.m in Sources */,
			);
			runOnlyForDeploymentPostprocessing = 0;
		};
/* End PBXSourcesBuildPhase section */

/* Begin PBXVariantGroup section */
		67F0FF761FED13A800E533EE /* Main.storyboard */ = {
			isa = PBXVariantGroup;
			children = (
				67F0FF771FED13A800E533EE /* Base */,
			);
			name = Main.storyboard;
			sourceTree = "<group>";
		};
		67F0FF7B1FED13A800E533EE /* LaunchScreen.storyboard */ = {
			isa = PBXVariantGroup;
			children = (
				67F0FF7C1FED13A800E533EE /* Base */,
			);
			name = LaunchScreen.storyboard;
			sourceTree = "<group>";
		};
/* End PBXVariantGroup section */

/* Begin XCBuildConfiguration section */
		67F0FF811FED13A800E533EE /* Debug */ = {
			isa = XCBuildConfiguration;
			buildSettings = {
				ALWAYS_SEARCH_USER_PATHS = NO;
				CLANG_ANALYZER_NONNULL = YES;
				CLANG_ANALYZER_NUMBER_OBJECT_CONVERSION = YES_AGGRESSIVE;
				CLANG_CXX_LANGUAGE_STANDARD = "gnu++14";
				CLANG_CXX_LIBRARY = "libc++";
				CLANG_ENABLE_MODULES = YES;
				CLANG_ENABLE_OBJC_ARC = YES;
				CLANG_WARN_BLOCK_CAPTURE_AUTORELEASING = YES;
				CLANG_WARN_BOOL_CONVERSION = YES;
				CLANG_WARN_COMMA = YES;
				CLANG_WARN_CONSTANT_CONVERSION = YES;
				CLANG_WARN_DIRECT_OBJC_ISA_USAGE = YES_ERROR;
				CLANG_WARN_DOCUMENTATION_COMMENTS = YES;
				CLANG_WARN_EMPTY_BODY = YES;
				CLANG_WARN_ENUM_CONVERSION = YES;
				CLANG_WARN_INFINITE_RECURSION = YES;
				CLANG_WARN_INT_CONVERSION = YES;
				CLANG_WARN_NON_LITERAL_NULL_CONVERSION = YES;
				CLANG_WARN_OBJC_LITERAL_CONVERSION = YES;
				CLANG_WARN_OBJC_ROOT_CLASS = YES_ERROR;
				CLANG_WARN_RANGE_LOOP_ANALYSIS = YES;
				CLANG_WARN_STRICT_PROTOTYPES = YES;
				CLANG_WARN_SUSPICIOUS_MOVE = YES;
				CLANG_WARN_UNGUARDED_AVAILABILITY = YES_AGGRESSIVE;
				CLANG_WARN_UNREACHABLE_CODE = YES;
				CLANG_WARN__DUPLICATE_METHOD_MATCH = YES;
				CODE_SIGN_IDENTITY = "iPhone Developer";
				COPY_PHASE_STRIP = NO;
				DEBUG_INFORMATION_FORMAT = dwarf;
				ENABLE_STRICT_OBJC_MSGSEND = YES;
				ENABLE_TESTABILITY = YES;
				GCC_C_LANGUAGE_STANDARD = gnu11;
				GCC_DYNAMIC_NO_PIC = NO;
				GCC_NO_COMMON_BLOCKS = YES;
				GCC_OPTIMIZATION_LEVEL = 0;
				GCC_PREPROCESSOR_DEFINITIONS = (
					"DEBUG=1",
					"$(inherited)",
				);
				GCC_WARN_64_TO_32_BIT_CONVERSION = YES;
				GCC_WARN_ABOUT_RETURN_TYPE = YES_ERROR;
				GCC_WARN_UNDECLARED_SELECTOR = YES;
				GCC_WARN_UNINITIALIZED_AUTOS = YES_AGGRESSIVE;
				GCC_WARN_UNUSED_FUNCTION = YES;
				GCC_WARN_UNUSED_VARIABLE = YES;
				IPHONEOS_DEPLOYMENT_TARGET = 11.2;
				MTL_ENABLE_DEBUG_INFO = YES;
				ONLY_ACTIVE_ARCH = YES;
				SDKROOT = iphoneos;
			};
			name = Debug;
		};
		67F0FF821FED13A800E533EE /* Release */ = {
			isa = XCBuildConfiguration;
			buildSettings = {
				ALWAYS_SEARCH_USER_PATHS = NO;
				CLANG_ANALYZER_NONNULL = YES;
				CLANG_ANALYZER_NUMBER_OBJECT_CONVERSION = YES_AGGRESSIVE;
				CLANG_CXX_LANGUAGE_STANDARD = "gnu++14";
				CLANG_CXX_LIBRARY = "libc++";
				CLANG_ENABLE_MODULES = YES;
				CLANG_ENABLE_OBJC_ARC = YES;
				CLANG_WARN_BLOCK_CAPTURE_AUTORELEASING = YES;
				CLANG_WARN_BOOL_CONVERSION = YES;
				CLANG_WARN_COMMA = YES;
				CLANG_WARN_CONSTANT_CONVERSION = YES;
				CLANG_WARN_DIRECT_OBJC_ISA_USAGE = YES_ERROR;
				CLANG_WARN_DOCUMENTATION_COMMENTS = YES;
				CLANG_WARN_EMPTY_BODY = YES;
				CLANG_WARN_ENUM_CONVERSION = YES;
				CLANG_WARN_INFINITE_RECURSION = YES;
				CLANG_WARN_INT_CONVERSION = YES;
				CLANG_WARN_NON_LITERAL_NULL_CONVERSION = YES;
				CLANG_WARN_OBJC_LITERAL_CONVERSION = YES;
				CLANG_WARN_OBJC_ROOT_CLASS = YES_ERROR;
				CLANG_WARN_RANGE_LOOP_ANALYSIS = YES;
				CLANG_WARN_STRICT_PROTOTYPES = YES;
				CLANG_WARN_SUSPICIOUS_MOVE = YES;
				CLANG_WARN_UNGUARDED_AVAILABILITY = YES_AGGRESSIVE;
				CLANG_WARN_UNREACHABLE_CODE = YES;
				CLANG_WARN__DUPLICATE_METHOD_MATCH = YES;
				CODE_SIGN_IDENTITY = "iPhone Developer";
				COPY_PHASE_STRIP = NO;
				DEBUG_INFORMATION_FORMAT = "dwarf-with-dsym";
				ENABLE_NS_ASSERTIONS = NO;
				ENABLE_STRICT_OBJC_MSGSEND = YES;
				GCC_C_LANGUAGE_STANDARD = gnu11;
				GCC_NO_COMMON_BLOCKS = YES;
				GCC_WARN_64_TO_32_BIT_CONVERSION = YES;
				GCC_WARN_ABOUT_RETURN_TYPE = YES_ERROR;
				GCC_WARN_UNDECLARED_SELECTOR = YES;
				GCC_WARN_UNINITIALIZED_AUTOS = YES_AGGRESSIVE;
				GCC_WARN_UNUSED_FUNCTION = YES;
				GCC_WARN_UNUSED_VARIABLE = YES;
				IPHONEOS_DEPLOYMENT_TARGET = 11.2;
				MTL_ENABLE_DEBUG_INFO = NO;
				SDKROOT = iphoneos;
				VALIDATE_PRODUCT = YES;
			};
			name = Release;
		};
		67F0FF841FED13A800E533EE /* Debug */ = {
			isa = XCBuildConfiguration;
			baseConfigurationReference = FB9234DE7B23F2D34F62D81F /* Pods-MRNavigationBar.debug.xcconfig */;
			buildSettings = {
				ASSETCATALOG_COMPILER_APPICON_NAME = AppIcon;
				CODE_SIGN_STYLE = Automatic;
				DEVELOPMENT_TEAM = 4HXKSPK349;
				INFOPLIST_FILE = MRNavigationBar/Info.plist;
				IPHONEOS_DEPLOYMENT_TARGET = 8.0;
				LD_RUNPATH_SEARCH_PATHS = "$(inherited) @executable_path/Frameworks";
				PRODUCT_BUNDLE_IDENTIFIER = com.mrxir.MRNavigationBar;
				PRODUCT_NAME = "$(TARGET_NAME)";
				TARGETED_DEVICE_FAMILY = "1,2";
			};
			name = Debug;
		};
		67F0FF851FED13A800E533EE /* Release */ = {
			isa = XCBuildConfiguration;
			baseConfigurationReference = 6620877397EE3ABD44394267 /* Pods-MRNavigationBar.release.xcconfig */;
			buildSettings = {
				ASSETCATALOG_COMPILER_APPICON_NAME = AppIcon;
				CODE_SIGN_STYLE = Automatic;
				DEVELOPMENT_TEAM = 4HXKSPK349;
				INFOPLIST_FILE = MRNavigationBar/Info.plist;
				IPHONEOS_DEPLOYMENT_TARGET = 8.0;
				LD_RUNPATH_SEARCH_PATHS = "$(inherited) @executable_path/Frameworks";
				PRODUCT_BUNDLE_IDENTIFIER = com.mrxir.MRNavigationBar;
				PRODUCT_NAME = "$(TARGET_NAME)";
				TARGETED_DEVICE_FAMILY = "1,2";
			};
			name = Release;
		};
/* End XCBuildConfiguration section */

/* Begin XCConfigurationList section */
		67F0FF681FED13A800E533EE /* Build configuration list for PBXProject "MRNavigationBar" */ = {
			isa = XCConfigurationList;
			buildConfigurations = (
				67F0FF811FED13A800E533EE /* Debug */,
				67F0FF821FED13A800E533EE /* Release */,
			);
			defaultConfigurationIsVisible = 0;
			defaultConfigurationName = Release;
		};
		67F0FF831FED13A800E533EE /* Build configuration list for PBXNativeTarget "MRNavigationBar" */ = {
			isa = XCConfigurationList;
			buildConfigurations = (
				67F0FF841FED13A800E533EE /* Debug */,
				67F0FF851FED13A800E533EE /* Release */,
			);
			defaultConfigurationIsVisible = 0;
			defaultConfigurationName = Release;
		};
/* End XCConfigurationList section */
	};
	rootObject = 67F0FF651FED13A800E533EE /* Project object */;
}
